{
  "pins" : [
    {
      "identity" : "ced25519",
      "kind" : "remoteSourceControl",
      "location" : "https://github.com/christophhagen/CEd25519",
      "state" : {
        "branch" : "master",
        "revision" : "4c4cc03d71af3f95736a4d891a59d211de3e04e9"
      }
    },
    {
      "identity" : "cryptoswift",
      "kind" : "remoteSourceControl",
      "location" : "https://github.com/krzyzanowskim/CryptoSwift",
      "state" : {
        "revision" : "eee9ad754926c40a0f7e73f152357d37b119b7fa",
        "version" : "1.7.1"
      }
    },
    {
      "identity" : "swift-crypto",
      "kind" : "remoteSourceControl",
      "location" : "https://github.com/apple/swift-crypto",
      "state" : {
        "revision" : "33a20e650c33f6d72d822d558333f2085effa3dc",
        "version" : "2.5.0"
      }
    },
    {
      "identity" : "swift-regular-expression",
      "kind" : "remoteSourceControl",
      "location" : "https://github.com/nerzh/swift-regular-expression.git",
      "state" : {
        "revision" : "19c3e569a8e81da6f7f4ee3b73028c25737d3706",
        "version" : "0.2.4"
      }
    }
  ],
  "version" : 2
}
